github.com/chzyer/logex v1.1.10/go.mod h1:+Ywpsq7O8HXn0nuIou7OrIPyXbp3wmkHB+jjWRnGsAI=
github.com/chzyer/readline v0.0.0-20180603132655-2972be24d48e/go.mod h1:nSuG5e5PlCu98SY8svDHJxuZscDgtXS6KTTbou5AhLI=
github.com/chzyer/test v0.0.0-20180213035817-a1ea475d72b1/go.mod h1:Q3SI9o4m/ZMnBNeIyt5eFwwo7qiLfzFZmjNmxjkiQlU=
github.com/starlight-go/starlight v0.0.0-20181207205707-b06f321544f3 h1:/fBh1Ot84ILt/ociFHO98wJ9LxIMA3UG8B0unUJPFpY=
github.com/starlight-go/starlight v0.0.0-20181207205707-b06f321544f3/go.mod h1:pxOc2ZuBV+CNlQgzq/HJ9Z9G/eoEMHFeuGohOvva4Co=
github.com/yuin/gopher-lua v0.0.0-20191128022950-c6266f4fe8d7 h1:Y17pEjKgx2X0A69WQPGa8hx/Myzu+4NdUxlkZpbAYio=
github.com/yuin/gopher-lua v0.0.0-20191128022950-c6266f4fe8d7/go.mod h1:gqRgreBUhTSL0GeU64rtZ3Uq3wtjOa/TB2YfrtkCbVQ=
go.starlark.net v0.0.0-20191202231402-1e82a9dd93ba h1:xJEZ4hcRAEGCu4+ThOnuwSFkltJZOJnXLOOhPqyphcQ=
go.starlark.net v0.0.0-20191202231402-1e82a9dd93ba/go.mod h1:nmDLcffg48OtT/PSW0Hg7FvpRQsQh5OSqIylirxKC7o=
golang.org/x/sys v0.0.0-20190204203706-41f3e6584952/go.mod h1:STP8DvDyc/dI5b8T5hshtkjS+E42TnysNCUPdjciGhY=
golang.org/x/sys v0.0.0-20191002063906-3421d5a6bb1c/go.mod h1:h1NjWce9XRLGQEsW7wpKNCjG9DtNlClVuFLEZdDNbEs=
